
Microsoft Visual Studio Solution File, Format Version 12.00
# Visual Studio Version 17
VisualStudioVersion = 17.9.34622.214
MinimumVisualStudioVersion = 10.0.40219.1
Project("{FAE04EC0-301F-11D3-BF4B-00C04F79EFBC}") = "ProjectFirst", "ProjectFirst\ProjectFirst.csproj", "{7A51E840-4865-41A4-9ABC-DD3D1AA7900D}"
EndProject
Global
	GlobalSection(SolutionConfigurationPlatforms) = preSolution
		Debug|Any CPU = Debug|Any CPU
		Release|Any CPU = Release|Any CPU
	EndGlobalSection
	GlobalSection(ProjectConfigurationPlatforms) = postSolution
		{7A51E840-4865-41A4-9ABC-DD3D1AA7900D}.Debug|Any CPU.ActiveCfg = Debug|Any CPU
		{7A51E840-4865-41A4-9ABC-DD3D1AA7900D}.Debug|Any CPU.Build.0 = Debug|Any CPU
		{7A51E840-4865-41A4-9ABC-DD3D1AA7900D}.Release|Any CPU.ActiveCfg = Release|Any CPU
		{7A51E840-4865-41A4-9ABC-DD3D1AA7900D}.Release|Any CPU.Build.0 = Release|Any CPU
	EndGlobalSection
	GlobalSection(SolutionProperties) = preSolution
		HideSolutionNode = FALSE
	EndGlobalSection
	GlobalSection(ExtensibilityGlobals) = postSolution
		SolutionGuid = {D2ACC4A9-3DF4-4541-90B7-BFBAC0EDA673}
	EndGlobalSection
EndGlobal
